
Microsoft Visual Studio Solution File, Format Version 12.00
# Visual Studio Version 17
VisualStudioVersion = 17.4.33213.308
MinimumVisualStudioVersion = 10.0.40219.1
Project("{9A19103F-16F7-4668-BE54-9A1E7A4F7556}") = "ComputerShop.WebApp", "ComputerShop.WebApp\ComputerShop.WebApp.csproj", "{7EB553D6-4578-4BAF-8C99-3B82E2B53AC3}"
EndProject
Project("{9A19103F-16F7-4668-BE54-9A1E7A4F7556}") = "ComputerShopData", "ComputerShopData\ComputerShopData.csproj", "{3F4466DF-E0D5-416E-8392-705084945031}"
EndProject
Project("{9A19103F-16F7-4668-BE54-9A1E7A4F7556}") = "ComputerShopLogic", "ComputerShopLogic\ComputerShopLogic.csproj", "{BE73672A-43E6-4A21-8925-A62A9D997B75}"
EndProject
Global
	GlobalSection(SolutionConfigurationPlatforms) = preSolution
		Debug|Any CPU = Debug|Any CPU
		Release|Any CPU = Release|Any CPU
	EndGlobalSection
	GlobalSection(ProjectConfigurationPlatforms) = postSolution
		{7EB553D6-4578-4BAF-8C99-3B82E2B53AC3}.Debug|Any CPU.ActiveCfg = Debug|Any CPU
		{7EB553D6-4578-4BAF-8C99-3B82E2B53AC3}.Debug|Any CPU.Build.0 = Debug|Any CPU
		{7EB553D6-4578-4BAF-8C99-3B82E2B53AC3}.Release|Any CPU.ActiveCfg = Release|Any CPU
		{7EB553D6-4578-4BAF-8C99-3B82E2B53AC3}.Release|Any CPU.Build.0 = Release|Any CPU
		{3F4466DF-E0D5-416E-8392-705084945031}.Debug|Any CPU.ActiveCfg = Debug|Any CPU
		{3F4466DF-E0D5-416E-8392-705084945031}.Debug|Any CPU.Build.0 = Debug|Any CPU
		{3F4466DF-E0D5-416E-8392-705084945031}.Release|Any CPU.ActiveCfg = Release|Any CPU
		{3F4466DF-E0D5-416E-8392-705084945031}.Release|Any CPU.Build.0 = Release|Any CPU
		{BE73672A-43E6-4A21-8925-A62A9D997B75}.Debug|Any CPU.ActiveCfg = Debug|Any CPU
		{BE73672A-43E6-4A21-8925-A62A9D997B75}.Debug|Any CPU.Build.0 = Debug|Any CPU
		{BE73672A-43E6-4A21-8925-A62A9D997B75}.Release|Any CPU.ActiveCfg = Release|Any CPU
		{BE73672A-43E6-4A21-8925-A62A9D997B75}.Release|Any CPU.Build.0 = Release|Any CPU
	EndGlobalSection
	GlobalSection(SolutionProperties) = preSolution
		HideSolutionNode = FALSE
	EndGlobalSection
	GlobalSection(ExtensibilityGlobals) = postSolution
		SolutionGuid = {0C73BB70-AF3F-4079-A87E-72B1AAA3BF6A}
	EndGlobalSection
EndGlobal
